
Microsoft Visual Studio Solution File, Format Version 12.00
# Visual Studio Version 17
VisualStudioVersion = 17.0.31903.59
MinimumVisualStudioVersion = 10.0.40219.1
Project("{FAE04EC0-301F-11D3-BF4B-00C04F79EFBC}") = "ModuloMarketing.Api", "ModuloMarketing.Api\ModuloMarketing.Api.csproj", "{DB833DB1-56F3-4236-A67D-B44BC44D4C79}"
EndProject
Project("{FAE04EC0-301F-11D3-BF4B-00C04F79EFBC}") = "ModuloMarketing.Test", "ModuloMarketing.Test\ModuloMarketing.Test.csproj", "{669E1D12-272E-420B-9649-A36771E596A2}"
EndProject
Global
	GlobalSection(SolutionConfigurationPlatforms) = preSolution
		Debug|Any CPU = Debug|Any CPU
		Release|Any CPU = Release|Any CPU
	EndGlobalSection
	GlobalSection(SolutionProperties) = preSolution
		HideSolutionNode = FALSE
	EndGlobalSection
	GlobalSection(ProjectConfigurationPlatforms) = postSolution
		{DB833DB1-56F3-4236-A67D-B44BC44D4C79}.Debug|Any CPU.ActiveCfg = Debug|Any CPU
		{DB833DB1-56F3-4236-A67D-B44BC44D4C79}.Debug|Any CPU.Build.0 = Debug|Any CPU
		{DB833DB1-56F3-4236-A67D-B44BC44D4C79}.Release|Any CPU.ActiveCfg = Release|Any CPU
		{DB833DB1-56F3-4236-A67D-B44BC44D4C79}.Release|Any CPU.Build.0 = Release|Any CPU
		{669E1D12-272E-420B-9649-A36771E596A2}.Debug|Any CPU.ActiveCfg = Debug|Any CPU
		{669E1D12-272E-420B-9649-A36771E596A2}.Debug|Any CPU.Build.0 = Debug|Any CPU
		{669E1D12-272E-420B-9649-A36771E596A2}.Release|Any CPU.ActiveCfg = Release|Any CPU
		{669E1D12-272E-420B-9649-A36771E596A2}.Release|Any CPU.Build.0 = Release|Any CPU
	EndGlobalSection
EndGlobal
